
Microsoft Visual Studio Solution File, Format Version 12.00
# Visual Studio Version 17
VisualStudioVersion = 17.0.31903.59
MinimumVisualStudioVersion = 10.0.40219.1
Project("{FAE04EC0-301F-11D3-BF4B-00C04F79EFBC}") = "FormsCrash.iOS", "FormsCrash\FormsCrash.iOS\FormsCrash.iOS.csproj", "{1D5E0C52-F743-4C0A-A319-B195E48DA183}"
EndProject
Project("{FAE04EC0-301F-11D3-BF4B-00C04F79EFBC}") = "FormsCrash", "FormsCrash\FormsCrash\FormsCrash.csproj", "{ECF95B0C-6FFD-400D-BFE6-46C21E025E91}"
EndProject
Global
	GlobalSection(SolutionConfigurationPlatforms) = preSolution
		Debug|Any CPU = Debug|Any CPU
		Debug|iPhone = Debug|iPhone
		Debug|iPhoneSimulator = Debug|iPhoneSimulator
		Release|Any CPU = Release|Any CPU
		Release|iPhone = Release|iPhone
		Release|iPhoneSimulator = Release|iPhoneSimulator
	EndGlobalSection
	GlobalSection(ProjectConfigurationPlatforms) = postSolution
		{1D5E0C52-F743-4C0A-A319-B195E48DA183}.Debug|Any CPU.ActiveCfg = Debug|iPhoneSimulator
		{1D5E0C52-F743-4C0A-A319-B195E48DA183}.Debug|Any CPU.Build.0 = Debug|iPhoneSimulator
		{1D5E0C52-F743-4C0A-A319-B195E48DA183}.Debug|Any CPU.Deploy.0 = Debug|iPhoneSimulator
		{1D5E0C52-F743-4C0A-A319-B195E48DA183}.Debug|iPhone.ActiveCfg = Debug|iPhone
		{1D5E0C52-F743-4C0A-A319-B195E48DA183}.Debug|iPhone.Build.0 = Debug|iPhone
		{1D5E0C52-F743-4C0A-A319-B195E48DA183}.Debug|iPhone.Deploy.0 = Debug|iPhone
		{1D5E0C52-F743-4C0A-A319-B195E48DA183}.Debug|iPhoneSimulator.ActiveCfg = Debug|iPhoneSimulator
		{1D5E0C52-F743-4C0A-A319-B195E48DA183}.Debug|iPhoneSimulator.Build.0 = Debug|iPhoneSimulator
		{1D5E0C52-F743-4C0A-A319-B195E48DA183}.Debug|iPhoneSimulator.Deploy.0 = Debug|iPhoneSimulator
		{1D5E0C52-F743-4C0A-A319-B195E48DA183}.Release|Any CPU.ActiveCfg = Release|iPhoneSimulator
		{1D5E0C52-F743-4C0A-A319-B195E48DA183}.Release|Any CPU.Build.0 = Release|iPhoneSimulator
		{1D5E0C52-F743-4C0A-A319-B195E48DA183}.Release|Any CPU.Deploy.0 = Release|iPhoneSimulator
		{1D5E0C52-F743-4C0A-A319-B195E48DA183}.Release|iPhone.ActiveCfg = Release|iPhone
		{1D5E0C52-F743-4C0A-A319-B195E48DA183}.Release|iPhone.Build.0 = Release|iPhone
		{1D5E0C52-F743-4C0A-A319-B195E48DA183}.Release|iPhone.Deploy.0 = Release|iPhone
		{1D5E0C52-F743-4C0A-A319-B195E48DA183}.Release|iPhoneSimulator.ActiveCfg = Release|iPhoneSimulator
		{1D5E0C52-F743-4C0A-A319-B195E48DA183}.Release|iPhoneSimulator.Build.0 = Release|iPhoneSimulator
		{1D5E0C52-F743-4C0A-A319-B195E48DA183}.Release|iPhoneSimulator.Deploy.0 = Release|iPhoneSimulator
		{ECF95B0C-6FFD-400D-BFE6-46C21E025E91}.Debug|Any CPU.ActiveCfg = Debug|Any CPU
		{ECF95B0C-6FFD-400D-BFE6-46C21E025E91}.Debug|Any CPU.Build.0 = Debug|Any CPU
		{ECF95B0C-6FFD-400D-BFE6-46C21E025E91}.Debug|Any CPU.Deploy.0 = Debug|Any CPU
		{ECF95B0C-6FFD-400D-BFE6-46C21E025E91}.Debug|iPhone.ActiveCfg = Debug|Any CPU
		{ECF95B0C-6FFD-400D-BFE6-46C21E025E91}.Debug|iPhone.Build.0 = Debug|Any CPU
		{ECF95B0C-6FFD-400D-BFE6-46C21E025E91}.Debug|iPhone.Deploy.0 = Debug|Any CPU
		{ECF95B0C-6FFD-400D-BFE6-46C21E025E91}.Debug|iPhoneSimulator.ActiveCfg = Debug|Any CPU
		{ECF95B0C-6FFD-400D-BFE6-46C21E025E91}.Debug|iPhoneSimulator.Build.0 = Debug|Any CPU
		{ECF95B0C-6FFD-400D-BFE6-46C21E025E91}.Debug|iPhoneSimulator.Deploy.0 = Debug|Any CPU
		{ECF95B0C-6FFD-400D-BFE6-46C21E025E91}.Release|Any CPU.ActiveCfg = Release|Any CPU
		{ECF95B0C-6FFD-400D-BFE6-46C21E025E91}.Release|Any CPU.Build.0 = Release|Any CPU
		{ECF95B0C-6FFD-400D-BFE6-46C21E025E91}.Release|Any CPU.Deploy.0 = Release|Any CPU
		{ECF95B0C-6FFD-400D-BFE6-46C21E025E91}.Release|iPhone.ActiveCfg = Release|Any CPU
		{ECF95B0C-6FFD-400D-BFE6-46C21E025E91}.Release|iPhone.Build.0 = Release|Any CPU
		{ECF95B0C-6FFD-400D-BFE6-46C21E025E91}.Release|iPhone.Deploy.0 = Release|Any CPU
		{ECF95B0C-6FFD-400D-BFE6-46C21E025E91}.Release|iPhoneSimulator.ActiveCfg = Release|Any CPU
		{ECF95B0C-6FFD-400D-BFE6-46C21E025E91}.Release|iPhoneSimulator.Build.0 = Release|Any CPU
		{ECF95B0C-6FFD-400D-BFE6-46C21E025E91}.Release|iPhoneSimulator.Deploy.0 = Release|Any CPU
	EndGlobalSection
	GlobalSection(SolutionProperties) = preSolution
		HideSolutionNode = FALSE
	EndGlobalSection
	GlobalSection(ExtensibilityGlobals) = postSolution
		SolutionGuid = {61EB7184-7E22-42C5-B48E-A1AF8C8A3DB8}
	EndGlobalSection
EndGlobal
